
Microsoft Visual Studio Solution File, Format Version 12.00
# Visual Studio Version 17
VisualStudioVersion = 17.4.33403.182
MinimumVisualStudioVersion = 10.0.40219.1
Project("{FAE04EC0-301F-11D3-BF4B-00C04F79EFBC}") = "WindowsFormsApp2", "WindowsFormsApp2\WindowsFormsApp2.csproj", "{B9370814-0754-49F2-B0D3-9D125C22440A}"
EndProject
Global
	GlobalSection(SolutionConfigurationPlatforms) = preSolution
		Debug|Any CPU = Debug|Any CPU
		Release|Any CPU = Release|Any CPU
	EndGlobalSection
	GlobalSection(ProjectConfigurationPlatforms) = postSolution
		{B9370814-0754-49F2-B0D3-9D125C22440A}.Debug|Any CPU.ActiveCfg = Debug|Any CPU
		{B9370814-0754-49F2-B0D3-9D125C22440A}.Debug|Any CPU.Build.0 = Debug|Any CPU
		{B9370814-0754-49F2-B0D3-9D125C22440A}.Release|Any CPU.ActiveCfg = Release|Any CPU
		{B9370814-0754-49F2-B0D3-9D125C22440A}.Release|Any CPU.Build.0 = Release|Any CPU
	EndGlobalSection
	GlobalSection(SolutionProperties) = preSolution
		HideSolutionNode = FALSE
	EndGlobalSection
	GlobalSection(ExtensibilityGlobals) = postSolution
		SolutionGuid = {51E166AA-4932-44F3-A131-9A9046AF959F}
	EndGlobalSection
EndGlobal
